// !$*UTF8*$!
{
	archiveVersion = 1;
	classes = {
	};
	objectVersion = 51;
	objects = {

/* Begin PBXBuildFile section */
		0FFF529222CDAE6800CD18D4 /* AppDelegate.swift in Sources */ = {isa = PBXBuildFile; fileRef = 0FFF529122CDAE6800CD18D4 /* AppDelegate.swift */; };
		0FFF529A22CDAE6800CD18D4 /* Contact.xcdatamodeld in Sources */ = {isa = PBXBuildFile; fileRef = 0FFF529822CDAE6800CD18D4 /* Contact.xcdatamodeld */; };
		0FFF529C22CDAE6900CD18D4 /* Assets.xcassets in Resources */ = {isa = PBXBuildFile; fileRef = 0FFF529B22CDAE6900CD18D4 /* Assets.xcassets */; };
		0FFF529F22CDAE6900CD18D4 /* LaunchScreen.storyboard in Resources */ = {isa = PBXBuildFile; fileRef = 0FFF529D22CDAE6900CD18D4 /* LaunchScreen.storyboard */; };
		0FFF52AA22CDAE6900CD18D4 /* ContactTests.swift in Sources */ = {isa = PBXBuildFile; fileRef = 0FFF52A922CDAE6900CD18D4 /* ContactTests.swift */; };
		0FFF52B522CDAE6A00CD18D4 /* ContactUITests.swift in Sources */ = {isa = PBXBuildFile; fileRef = 0FFF52B422CDAE6A00CD18D4 /* ContactUITests.swift */; };
		0FFF52C522CDAF4D00CD18D4 /* HomeViewController.swift in Sources */ = {isa = PBXBuildFile; fileRef = 0FFF52C322CDAF4D00CD18D4 /* HomeViewController.swift */; };
		0FFF52C622CDAF4D00CD18D4 /* HomeViewController.xib in Resources */ = {isa = PBXBuildFile; fileRef = 0FFF52C422CDAF4D00CD18D4 /* HomeViewController.xib */; };
		0FFF52CA22CDCD6A00CD18D4 /* ContactViewCell.swift in Sources */ = {isa = PBXBuildFile; fileRef = 0FFF52C822CDCD6A00CD18D4 /* ContactViewCell.swift */; };
		0FFF52CB22CDCD6A00CD18D4 /* ContactViewCell.xib in Resources */ = {isa = PBXBuildFile; fileRef = 0FFF52C922CDCD6A00CD18D4 /* ContactViewCell.xib */; };
		0FFF52D322CDE4FE00CD18D4 /* Contact.swift in Sources */ = {isa = PBXBuildFile; fileRef = 0FFF52D222CDE4FE00CD18D4 /* Contact.swift */; };
		0FFFB14022CEF5DA00931382 /* JSONDecoder.swift in Sources */ = {isa = PBXBuildFile; fileRef = 0FFFB13F22CEF5DA00931382 /* JSONDecoder.swift */; };
		0FFFB14222CF03E500931382 /* UIImageView.swift in Sources */ = {isa = PBXBuildFile; fileRef = 0FFFB14122CF03E500931382 /* UIImageView.swift */; };
		0FFFB14822CF455E00931382 /* HomeProtocol.swift in Sources */ = {isa = PBXBuildFile; fileRef = 0FFFB14722CF455E00931382 /* HomeProtocol.swift */; };
		0FFFB14A22CF5AEB00931382 /* HomeInteractor.swift in Sources */ = {isa = PBXBuildFile; fileRef = 0FFFB14922CF5AEB00931382 /* HomeInteractor.swift */; };
		0FFFB14D22CF5C3000931382 /* HomePresenter.swift in Sources */ = {isa = PBXBuildFile; fileRef = 0FFFB14C22CF5C3000931382 /* HomePresenter.swift */; };
		0FFFB14F22CF5D0F00931382 /* HomeWireframe.swift in Sources */ = {isa = PBXBuildFile; fileRef = 0FFFB14E22CF5D0F00931382 /* HomeWireframe.swift */; };
		0FFFB15122CF826F00931382 /* String.swift in Sources */ = {isa = PBXBuildFile; fileRef = 0FFFB15022CF826F00931382 /* String.swift */; };
		0FFFB15322D2F14500931382 /* HomeViewController+UITableView.swift in Sources */ = {isa = PBXBuildFile; fileRef = 0FFFB15222D2F14500931382 /* HomeViewController+UITableView.swift */; };
		0FFFB15522D2F1FB00931382 /* HomeViewController+PresenterToView.swift in Sources */ = {isa = PBXBuildFile; fileRef = 0FFFB15422D2F1FB00931382 /* HomeViewController+PresenterToView.swift */; };
		0FFFB15722D2F8AE00931382 /* ContactCell.swift in Sources */ = {isa = PBXBuildFile; fileRef = 0FFFB15622D2F8AE00931382 /* ContactCell.swift */; };
		21320C98C049BF221F72E7FD /* Pods_ContactTests.framework in Frameworks */ = {isa = PBXBuildFile; fileRef = 94813554093AB666D08B7C03 /* Pods_ContactTests.framework */; };
		5AE232484EE69DE298C0EA00 /* Pods_ContactUITests.framework in Frameworks */ = {isa = PBXBuildFile; fileRef = F1BCB6391A680D195D84094B /* Pods_ContactUITests.framework */; };
		F6F255A027E37D18BDFC0B57 /* Pods_Contact.framework in Frameworks */ = {isa = PBXBuildFile; fileRef = CC6B4042BF9C202501ADF900 /* Pods_Contact.framework */; };
/* End PBXBuildFile section */

/* Begin PBXContainerItemProxy section */
		0FFF52A622CDAE6900CD18D4 /* PBXContainerItemProxy */ = {
			isa = PBXContainerItemProxy;
			containerPortal = 0FFF528622CDAE6800CD18D4 /* Project object */;
			proxyType = 1;
			remoteGlobalIDString = 0FFF528D22CDAE6800CD18D4;
			remoteInfo = Contact;
		};
		0FFF52B122CDAE6A00CD18D4 /* PBXContainerItemProxy */ = {
			isa = PBXContainerItemProxy;
			containerPortal = 0FFF528622CDAE6800CD18D4 /* Project object */;
			proxyType = 1;
			remoteGlobalIDString = 0FFF528D22CDAE6800CD18D4;
			remoteInfo = Contact;
		};
/* End PBXContainerItemProxy section */

/* Begin PBXFileReference section */
		0303A942177E5B1E05E5080A /* Pods-ContactTests.release.xcconfig */ = {isa = PBXFileReference; includeInIndex = 1; lastKnownFileType = text.xcconfig; name = "Pods-ContactTests.release.xcconfig"; path = "Target Support Files/Pods-ContactTests/Pods-ContactTests.release.xcconfig"; sourceTree = "<group>"; };
		0FFF528E22CDAE6800CD18D4 /* Contact.app */ = {isa = PBXFileReference; explicitFileType = wrapper.application; includeInIndex = 0; path = Contact.app; sourceTree = BUILT_PRODUCTS_DIR; };
		0FFF529122CDAE6800CD18D4 /* AppDelegate.swift */ = {isa = PBXFileReference; lastKnownFileType = sourcecode.swift; path = AppDelegate.swift; sourceTree = "<group>"; };
		0FFF529922CDAE6800CD18D4 /* Contact.xcdatamodel */ = {isa = PBXFileReference; lastKnownFileType = wrapper.xcdatamodel; path = Contact.xcdatamodel; sourceTree = "<group>"; };
		0FFF529B22CDAE6900CD18D4 /* Assets.xcassets */ = {isa = PBXFileReference; lastKnownFileType = folder.assetcatalog; path = Assets.xcassets; sourceTree = "<group>"; };
		0FFF529E22CDAE6900CD18D4 /* Base */ = {isa = PBXFileReference; lastKnownFileType = file.storyboard; name = Base; path = Base.lproj/LaunchScreen.storyboard; sourceTree = "<group>"; };
		0FFF52A022CDAE6900CD18D4 /* Info.plist */ = {isa = PBXFileReference; lastKnownFileType = text.plist.xml; path = Info.plist; sourceTree = "<group>"; };
		0FFF52A522CDAE6900CD18D4 /* ContactTests.xctest */ = {isa = PBXFileReference; explicitFileType = wrapper.cfbundle; includeInIndex = 0; path = ContactTests.xctest; sourceTree = BUILT_PRODUCTS_DIR; };
		0FFF52A922CDAE6900CD18D4 /* ContactTests.swift */ = {isa = PBXFileReference; lastKnownFileType = sourcecode.swift; path = ContactTests.swift; sourceTree = "<group>"; };
		0FFF52AB22CDAE6900CD18D4 /* Info.plist */ = {isa = PBXFileReference; lastKnownFileType = text.plist.xml; path = Info.plist; sourceTree = "<group>"; };
		0FFF52B022CDAE6A00CD18D4 /* ContactUITests.xctest */ = {isa = PBXFileReference; explicitFileType = wrapper.cfbundle; includeInIndex = 0; path = ContactUITests.xctest; sourceTree = BUILT_PRODUCTS_DIR; };
		0FFF52B422CDAE6A00CD18D4 /* ContactUITests.swift */ = {isa = PBXFileReference; lastKnownFileType = sourcecode.swift; path = ContactUITests.swift; sourceTree = "<group>"; };
		0FFF52B622CDAE6A00CD18D4 /* Info.plist */ = {isa = PBXFileReference; lastKnownFileType = text.plist.xml; path = Info.plist; sourceTree = "<group>"; };
		0FFF52C322CDAF4D00CD18D4 /* HomeViewController.swift */ = {isa = PBXFileReference; lastKnownFileType = sourcecode.swift; path = HomeViewController.swift; sourceTree = "<group>"; };
		0FFF52C422CDAF4D00CD18D4 /* HomeViewController.xib */ = {isa = PBXFileReference; lastKnownFileType = file.xib; path = HomeViewController.xib; sourceTree = "<group>"; };
		0FFF52C822CDCD6A00CD18D4 /* ContactViewCell.swift */ = {isa = PBXFileReference; lastKnownFileType = sourcecode.swift; path = ContactViewCell.swift; sourceTree = "<group>"; };
		0FFF52C922CDCD6A00CD18D4 /* ContactViewCell.xib */ = {isa = PBXFileReference; lastKnownFileType = file.xib; path = ContactViewCell.xib; sourceTree = "<group>"; };
		0FFF52D222CDE4FE00CD18D4 /* Contact.swift */ = {isa = PBXFileReference; lastKnownFileType = sourcecode.swift; path = Contact.swift; sourceTree = "<group>"; };
		0FFFB13F22CEF5DA00931382 /* JSONDecoder.swift */ = {isa = PBXFileReference; lastKnownFileType = sourcecode.swift; path = JSONDecoder.swift; sourceTree = "<group>"; };
		0FFFB14122CF03E500931382 /* UIImageView.swift */ = {isa = PBXFileReference; lastKnownFileType = sourcecode.swift; path = UIImageView.swift; sourceTree = "<group>"; };
		0FFFB14722CF455E00931382 /* HomeProtocol.swift */ = {isa = PBXFileReference; lastKnownFileType = sourcecode.swift; path = HomeProtocol.swift; sourceTree = "<group>"; };
		0FFFB14922CF5AEB00931382 /* HomeInteractor.swift */ = {isa = PBXFileReference; lastKnownFileType = sourcecode.swift; path = HomeInteractor.swift; sourceTree = "<group>"; };
		0FFFB14C22CF5C3000931382 /* HomePresenter.swift */ = {isa = PBXFileReference; lastKnownFileType = sourcecode.swift; path = HomePresenter.swift; sourceTree = "<group>"; };
		0FFFB14E22CF5D0F00931382 /* HomeWireframe.swift */ = {isa = PBXFileReference; lastKnownFileType = sourcecode.swift; path = HomeWireframe.swift; sourceTree = "<group>"; };
		0FFFB15022CF826F00931382 /* String.swift */ = {isa = PBXFileReference; lastKnownFileType = sourcecode.swift; path = String.swift; sourceTree = "<group>"; };
		0FFFB15222D2F14500931382 /* HomeViewController+UITableView.swift */ = {isa = PBXFileReference; lastKnownFileType = sourcecode.swift; path = "HomeViewController+UITableView.swift"; sourceTree = "<group>"; };
		0FFFB15422D2F1FB00931382 /* HomeViewController+PresenterToView.swift */ = {isa = PBXFileReference; lastKnownFileType = sourcecode.swift; path = "HomeViewController+PresenterToView.swift"; sourceTree = "<group>"; };
		0FFFB15622D2F8AE00931382 /* ContactCell.swift */ = {isa = PBXFileReference; lastKnownFileType = sourcecode.swift; path = ContactCell.swift; sourceTree = "<group>"; };
		1806B761A968226112AB3461 /* Pods-ContactUITests.debug.xcconfig */ = {isa = PBXFileReference; includeInIndex = 1; lastKnownFileType = text.xcconfig; name = "Pods-ContactUITests.debug.xcconfig"; path = "Target Support Files/Pods-ContactUITests/Pods-ContactUITests.debug.xcconfig"; sourceTree = "<group>"; };
		3CD3B6B3E4C58D613F06C3B8 /* Pods-ContactTests.debug.xcconfig */ = {isa = PBXFileReference; includeInIndex = 1; lastKnownFileType = text.xcconfig; name = "Pods-ContactTests.debug.xcconfig"; path = "Target Support Files/Pods-ContactTests/Pods-ContactTests.debug.xcconfig"; sourceTree = "<group>"; };
		8E8E0A9EBD14F36311416EB8 /* Pods-ContactUITests.release.xcconfig */ = {isa = PBXFileReference; includeInIndex = 1; lastKnownFileType = text.xcconfig; name = "Pods-ContactUITests.release.xcconfig"; path = "Target Support Files/Pods-ContactUITests/Pods-ContactUITests.release.xcconfig"; sourceTree = "<group>"; };
		94813554093AB666D08B7C03 /* Pods_ContactTests.framework */ = {isa = PBXFileReference; explicitFileType = wrapper.framework; includeInIndex = 0; path = Pods_ContactTests.framework; sourceTree = BUILT_PRODUCTS_DIR; };
		A4F1B387463A94674C784710 /* Pods-Contact.debug.xcconfig */ = {isa = PBXFileReference; includeInIndex = 1; lastKnownFileType = text.xcconfig; name = "Pods-Contact.debug.xcconfig"; path = "Target Support Files/Pods-Contact/Pods-Contact.debug.xcconfig"; sourceTree = "<group>"; };
		B87DF32FD547340278FE5299 /* Pods-Contact.release.xcconfig */ = {isa = PBXFileReference; includeInIndex = 1; lastKnownFileType = text.xcconfig; name = "Pods-Contact.release.xcconfig"; path = "Target Support Files/Pods-Contact/Pods-Contact.release.xcconfig"; sourceTree = "<group>"; };
		CC6B4042BF9C202501ADF900 /* Pods_Contact.framework */ = {isa = PBXFileReference; explicitFileType = wrapper.framework; includeInIndex = 0; path = Pods_Contact.framework; sourceTree = BUILT_PRODUCTS_DIR; };
		F1BCB6391A680D195D84094B /* Pods_ContactUITests.framework */ = {isa = PBXFileReference; explicitFileType = wrapper.framework; includeInIndex = 0; path = Pods_ContactUITests.framework; sourceTree = BUILT_PRODUCTS_DIR; };
/* End PBXFileReference section */

/* Begin PBXFrameworksBuildPhase section */
		0FFF528B22CDAE6800CD18D4 /* Frameworks */ = {
			isa = PBXFrameworksBuildPhase;
			buildActionMask = 2147483647;
			files = (
				F6F255A027E37D18BDFC0B57 /* Pods_Contact.framework in Frameworks */,
			);
			runOnlyForDeploymentPostprocessing = 0;
		};
		0FFF52A222CDAE6900CD18D4 /* Frameworks */ = {
			isa = PBXFrameworksBuildPhase;
			buildActionMask = 2147483647;
			files = (
				21320C98C049BF221F72E7FD /* Pods_ContactTests.framework in Frameworks */,
			);
			runOnlyForDeploymentPostprocessing = 0;
		};
		0FFF52AD22CDAE6A00CD18D4 /* Frameworks */ = {
			isa = PBXFrameworksBuildPhase;
			buildActionMask = 2147483647;
			files = (
				5AE232484EE69DE298C0EA00 /* Pods_ContactUITests.framework in Frameworks */,
			);
			runOnlyForDeploymentPostprocessing = 0;
		};
/* End PBXFrameworksBuildPhase section */

/* Begin PBXGroup section */
		0FFF528522CDAE6800CD18D4 = {
			isa = PBXGroup;
			children = (
				0FFF529022CDAE6800CD18D4 /* Contact */,
				0FFF52A822CDAE6900CD18D4 /* ContactTests */,
				0FFF52B322CDAE6A00CD18D4 /* ContactUITests */,
				0FFF528F22CDAE6800CD18D4 /* Products */,
				F64646BCEAD0E34C926974C3 /* Pods */,
				C085743DA1072BF2912A4F7C /* Frameworks */,
			);
			sourceTree = "<group>";
		};
		0FFF528F22CDAE6800CD18D4 /* Products */ = {
			isa = PBXGroup;
			children = (
				0FFF528E22CDAE6800CD18D4 /* Contact.app */,
				0FFF52A522CDAE6900CD18D4 /* ContactTests.xctest */,
				0FFF52B022CDAE6A00CD18D4 /* ContactUITests.xctest */,
			);
			name = Products;
			sourceTree = "<group>";
		};
		0FFF529022CDAE6800CD18D4 /* Contact */ = {
			isa = PBXGroup;
			children = (
				0FFFB13E22CEF5C500931382 /* Misc */,
				0FFF52C222CDAEBF00CD18D4 /* Home */,
				0FFF529122CDAE6800CD18D4 /* AppDelegate.swift */,
				0FFF529B22CDAE6900CD18D4 /* Assets.xcassets */,
				0FFF529D22CDAE6900CD18D4 /* LaunchScreen.storyboard */,
				0FFF52A022CDAE6900CD18D4 /* Info.plist */,
				0FFF529822CDAE6800CD18D4 /* Contact.xcdatamodeld */,
			);
			path = Contact;
			sourceTree = "<group>";
		};
		0FFF52A822CDAE6900CD18D4 /* ContactTests */ = {
			isa = PBXGroup;
			children = (
				0FFF52A922CDAE6900CD18D4 /* ContactTests.swift */,
				0FFF52AB22CDAE6900CD18D4 /* Info.plist */,
			);
			path = ContactTests;
			sourceTree = "<group>";
		};
		0FFF52B322CDAE6A00CD18D4 /* ContactUITests */ = {
			isa = PBXGroup;
			children = (
				0FFF52B422CDAE6A00CD18D4 /* ContactUITests.swift */,
				0FFF52B622CDAE6A00CD18D4 /* Info.plist */,
			);
			path = ContactUITests;
			sourceTree = "<group>";
		};
		0FFF52C222CDAEBF00CD18D4 /* Home */ = {
			isa = PBXGroup;
			children = (
				0FFFB14622CF453C00931382 /* Protocols */,
				0FFF52CD22CDE40700CD18D4 /* View */,
				0FFFB14522CF451900931382 /* Interactor */,
				0FFFB14B22CF5C0D00931382 /* Presenter */,
				0FFF52CC22CDE40000CD18D4 /* Entity */,
				0FFF52CE22CDE40E00CD18D4 /* Router */,
			);
			path = Home;
			sourceTree = "<group>";
		};
		0FFF52C722CDCD4F00CD18D4 /* Contact Cell */ = {
			isa = PBXGroup;
			children = (
				0FFF52CF22CDE45700CD18D4 /* Entity */,
				0FFF52D022CDE45E00CD18D4 /* View */,
			);
			path = "Contact Cell";
			sourceTree = "<group>";
		};
		0FFF52CC22CDE40000CD18D4 /* Entity */ = {
			isa = PBXGroup;
			children = (
				0FFFB15622D2F8AE00931382 /* ContactCell.swift */,
			);
			path = Entity;
			sourceTree = "<group>";
		};
		0FFF52CD22CDE40700CD18D4 /* View */ = {
			isa = PBXGroup;
			children = (
				0FFF52C722CDCD4F00CD18D4 /* Contact Cell */,
				0FFF52C322CDAF4D00CD18D4 /* HomeViewController.swift */,
				0FFFB15222D2F14500931382 /* HomeViewController+UITableView.swift */,
				0FFFB15422D2F1FB00931382 /* HomeViewController+PresenterToView.swift */,
				0FFF52C422CDAF4D00CD18D4 /* HomeViewController.xib */,
			);
			path = View;
			sourceTree = "<group>";
		};
		0FFF52CE22CDE40E00CD18D4 /* Router */ = {
			isa = PBXGroup;
			children = (
				0FFFB14E22CF5D0F00931382 /* HomeWireframe.swift */,
			);
			path = Router;
			sourceTree = "<group>";
		};
		0FFF52CF22CDE45700CD18D4 /* Entity */ = {
			isa = PBXGroup;
			children = (
				0FFF52D222CDE4FE00CD18D4 /* Contact.swift */,
			);
			path = Entity;
			sourceTree = "<group>";
		};
		0FFF52D022CDE45E00CD18D4 /* View */ = {
			isa = PBXGroup;
			children = (
				0FFF52C822CDCD6A00CD18D4 /* ContactViewCell.swift */,
				0FFF52C922CDCD6A00CD18D4 /* ContactViewCell.xib */,
			);
			path = View;
			sourceTree = "<group>";
		};
		0FFFB13E22CEF5C500931382 /* Misc */ = {
			isa = PBXGroup;
			children = (
				0FFFB13F22CEF5DA00931382 /* JSONDecoder.swift */,
				0FFFB14122CF03E500931382 /* UIImageView.swift */,
				0FFFB15022CF826F00931382 /* String.swift */,
			);
			path = Misc;
			sourceTree = "<group>";
		};
		0FFFB14522CF451900931382 /* Interactor */ = {
			isa = PBXGroup;
			children = (
				0FFFB14922CF5AEB00931382 /* HomeInteractor.swift */,
			);
			path = Interactor;
			sourceTree = "<group>";
		};
		0FFFB14622CF453C00931382 /* Protocols */ = {
			isa = PBXGroup;
			children = (
				0FFFB14722CF455E00931382 /* HomeProtocol.swift */,
			);
			path = Protocols;
			sourceTree = "<group>";
		};
		0FFFB14B22CF5C0D00931382 /* Presenter */ = {
			isa = PBXGroup;
			children = (
				0FFFB14C22CF5C3000931382 /* HomePresenter.swift */,
			);
			path = Presenter;
			sourceTree = "<group>";
		};
		C085743DA1072BF2912A4F7C /* Frameworks */ = {
			isa = PBXGroup;
			children = (
				CC6B4042BF9C202501ADF900 /* Pods_Contact.framework */,
				94813554093AB666D08B7C03 /* Pods_ContactTests.framework */,
				F1BCB6391A680D195D84094B /* Pods_ContactUITests.framework */,
			);
			name = Frameworks;
			sourceTree = "<group>";
		};
		F64646BCEAD0E34C926974C3 /* Pods */ = {
			isa = PBXGroup;
			children = (
				A4F1B387463A94674C784710 /* Pods-Contact.debug.xcconfig */,
				B87DF32FD547340278FE5299 /* Pods-Contact.release.xcconfig */,
				3CD3B6B3E4C58D613F06C3B8 /* Pods-ContactTests.debug.xcconfig */,
				0303A942177E5B1E05E5080A /* Pods-ContactTests.release.xcconfig */,
				1806B761A968226112AB3461 /* Pods-ContactUITests.debug.xcconfig */,
				8E8E0A9EBD14F36311416EB8 /* Pods-ContactUITests.release.xcconfig */,
			);
			path = Pods;
			sourceTree = "<group>";
		};
/* End PBXGroup section */

/* Begin PBXNativeTarget section */
		0FFF528D22CDAE6800CD18D4 /* Contact */ = {
			isa = PBXNativeTarget;
			buildConfigurationList = 0FFF52B922CDAE6A00CD18D4 /* Build configuration list for PBXNativeTarget "Contact" */;
			buildPhases = (
				4B35D374341FC7AC13D35C30 /* [CP] Check Pods Manifest.lock */,
				0FFF528A22CDAE6800CD18D4 /* Sources */,
				0FFF528B22CDAE6800CD18D4 /* Frameworks */,
				0FFF528C22CDAE6800CD18D4 /* Resources */,
				CDC33E22F07F2284D95104BF /* [CP] Embed Pods Frameworks */,
			);
			buildRules = (
			);
			dependencies = (
			);
			name = Contact;
			productName = Contact;
			productReference = 0FFF528E22CDAE6800CD18D4 /* Contact.app */;
			productType = "com.apple.product-type.application";
		};
		0FFF52A422CDAE6900CD18D4 /* ContactTests */ = {
			isa = PBXNativeTarget;
			buildConfigurationList = 0FFF52BC22CDAE6A00CD18D4 /* Build configuration list for PBXNativeTarget "ContactTests" */;
			buildPhases = (
				86C67C93187202668623A413 /* [CP] Check Pods Manifest.lock */,
				0FFF52A122CDAE6900CD18D4 /* Sources */,
				0FFF52A222CDAE6900CD18D4 /* Frameworks */,
				0FFF52A322CDAE6900CD18D4 /* Resources */,
			);
			buildRules = (
			);
			dependencies = (
				0FFF52A722CDAE6900CD18D4 /* PBXTargetDependency */,
			);
			name = ContactTests;
			productName = ContactTests;
			productReference = 0FFF52A522CDAE6900CD18D4 /* ContactTests.xctest */;
			productType = "com.apple.product-type.bundle.unit-test";
		};
		0FFF52AF22CDAE6A00CD18D4 /* ContactUITests */ = {
			isa = PBXNativeTarget;
			buildConfigurationList = 0FFF52BF22CDAE6A00CD18D4 /* Build configuration list for PBXNativeTarget "ContactUITests" */;
			buildPhases = (
				6CF73CD1F1CE38D91B353D8D /* [CP] Check Pods Manifest.lock */,
				0FFF52AC22CDAE6A00CD18D4 /* Sources */,
				0FFF52AD22CDAE6A00CD18D4 /* Frameworks */,
				0FFF52AE22CDAE6A00CD18D4 /* Resources */,
			);
			buildRules = (
			);
			dependencies = (
				0FFF52B222CDAE6A00CD18D4 /* PBXTargetDependency */,
			);
			name = ContactUITests;
			productName = ContactUITests;
			productReference = 0FFF52B022CDAE6A00CD18D4 /* ContactUITests.xctest */;
			productType = "com.apple.product-type.bundle.ui-testing";
		};
/* End PBXNativeTarget section */

/* Begin PBXProject section */
		0FFF528622CDAE6800CD18D4 /* Project object */ = {
			isa = PBXProject;
			attributes = {
				LastSwiftUpdateCheck = 1010;
				LastUpgradeCheck = 1010;
				ORGANIZATIONNAME = "PT. GOJEK INDONESIA";
				TargetAttributes = {
					0FFF528D22CDAE6800CD18D4 = {
						CreatedOnToolsVersion = 10.1;
						LastSwiftMigration = 1010;
					};
					0FFF52A422CDAE6900CD18D4 = {
						CreatedOnToolsVersion = 10.1;
						TestTargetID = 0FFF528D22CDAE6800CD18D4;
					};
					0FFF52AF22CDAE6A00CD18D4 = {
						CreatedOnToolsVersion = 10.1;
						TestTargetID = 0FFF528D22CDAE6800CD18D4;
					};
				};
			};
			buildConfigurationList = 0FFF528922CDAE6800CD18D4 /* Build configuration list for PBXProject "Contact" */;
			compatibilityVersion = "Xcode 9.3";
			developmentRegion = en;
			hasScannedForEncodings = 0;
			knownRegions = (
				en,
				Base,
			);
			mainGroup = 0FFF528522CDAE6800CD18D4;
			productRefGroup = 0FFF528F22CDAE6800CD18D4 /* Products */;
			projectDirPath = "";
			projectRoot = "";
			targets = (
				0FFF528D22CDAE6800CD18D4 /* Contact */,
				0FFF52A422CDAE6900CD18D4 /* ContactTests */,
				0FFF52AF22CDAE6A00CD18D4 /* ContactUITests */,
			);
		};
/* End PBXProject section */

/* Begin PBXResourcesBuildPhase section */
		0FFF528C22CDAE6800CD18D4 /* Resources */ = {
			isa = PBXResourcesBuildPhase;
			buildActionMask = 2147483647;
			files = (
				0FFF529F22CDAE6900CD18D4 /* LaunchScreen.storyboard in Resources */,
				0FFF529C22CDAE6900CD18D4 /* Assets.xcassets in Resources */,
				0FFF52C622CDAF4D00CD18D4 /* HomeViewController.xib in Resources */,
				0FFF52CB22CDCD6A00CD18D4 /* ContactViewCell.xib in Resources */,
			);
			runOnlyForDeploymentPostprocessing = 0;
		};
		0FFF52A322CDAE6900CD18D4 /* Resources */ = {
			isa = PBXResourcesBuildPhase;
			buildActionMask = 2147483647;
			files = (
			);
			runOnlyForDeploymentPostprocessing = 0;
		};
		0FFF52AE22CDAE6A00CD18D4 /* Resources */ = {
			isa = PBXResourcesBuildPhase;
			buildActionMask = 2147483647;
			files = (
			);
			runOnlyForDeploymentPostprocessing = 0;
		};
/* End PBXResourcesBuildPhase section */

/* Begin PBXShellScriptBuildPhase section */
		4B35D374341FC7AC13D35C30 /* [CP] Check Pods Manifest.lock */ = {
			isa = PBXShellScriptBuildPhase;
			buildActionMask = 2147483647;
			files = (
			);
			inputFileListPaths = (
			);
			inputPaths = (
				"${PODS_PODFILE_DIR_PATH}/Podfile.lock",
				"${PODS_ROOT}/Manifest.lock",
			);
			name = "[CP] Check Pods Manifest.lock";
			outputFileListPaths = (
			);
			outputPaths = (
				"$(DERIVED_FILE_DIR)/Pods-Contact-checkManifestLockResult.txt",
			);
			runOnlyForDeploymentPostprocessing = 0;
			shellPath = /bin/sh;
			shellScript = "diff \"${PODS_PODFILE_DIR_PATH}/Podfile.lock\" \"${PODS_ROOT}/Manifest.lock\" > /dev/null\nif [ $? != 0 ] ; then\n    # print error to STDERR\n    echo \"error: The sandbox is not in sync with the Podfile.lock. Run 'pod install' or update your CocoaPods installation.\" >&2\n    exit 1\nfi\n# This output is used by Xcode 'outputs' to avoid re-running this script phase.\necho \"SUCCESS\" > \"${SCRIPT_OUTPUT_FILE_0}\"\n";
			showEnvVarsInLog = 0;
		};
		6CF73CD1F1CE38D91B353D8D /* [CP] Check Pods Manifest.lock */ = {
			isa = PBXShellScriptBuildPhase;
			buildActionMask = 2147483647;
			files = (
			);
			inputFileListPaths = (
			);
			inputPaths = (
				"${PODS_PODFILE_DIR_PATH}/Podfile.lock",
				"${PODS_ROOT}/Manifest.lock",
			);
			name = "[CP] Check Pods Manifest.lock";
			outputFileListPaths = (
			);
			outputPaths = (
				"$(DERIVED_FILE_DIR)/Pods-ContactUITests-checkManifestLockResult.txt",
			);
			runOnlyForDeploymentPostprocessing = 0;
			shellPath = /bin/sh;
			shellScript = "diff \"${PODS_PODFILE_DIR_PATH}/Podfile.lock\" \"${PODS_ROOT}/Manifest.lock\" > /dev/null\nif [ $? != 0 ] ; then\n    # print error to STDERR\n    echo \"error: The sandbox is not in sync with the Podfile.lock. Run 'pod install' or update your CocoaPods installation.\" >&2\n    exit 1\nfi\n# This output is used by Xcode 'outputs' to avoid re-running this script phase.\necho \"SUCCESS\" > \"${SCRIPT_OUTPUT_FILE_0}\"\n";
			showEnvVarsInLog = 0;
		};
		86C67C93187202668623A413 /* [CP] Check Pods Manifest.lock */ = {
			isa = PBXShellScriptBuildPhase;
			buildActionMask = 2147483647;
			files = (
			);
			inputFileListPaths = (
			);
			inputPaths = (
				"${PODS_PODFILE_DIR_PATH}/Podfile.lock",
				"${PODS_ROOT}/Manifest.lock",
			);
			name = "[CP] Check Pods Manifest.lock";
			outputFileListPaths = (
			);
			outputPaths = (
				"$(DERIVED_FILE_DIR)/Pods-ContactTests-checkManifestLockResult.txt",
			);
			runOnlyForDeploymentPostprocessing = 0;
			shellPath = /bin/sh;
			shellScript = "diff \"${PODS_PODFILE_DIR_PATH}/Podfile.lock\" \"${PODS_ROOT}/Manifest.lock\" > /dev/null\nif [ $? != 0 ] ; then\n    # print error to STDERR\n    echo \"error: The sandbox is not in sync with the Podfile.lock. Run 'pod install' or update your CocoaPods installation.\" >&2\n    exit 1\nfi\n# This output is used by Xcode 'outputs' to avoid re-running this script phase.\necho \"SUCCESS\" > \"${SCRIPT_OUTPUT_FILE_0}\"\n";
			showEnvVarsInLog = 0;
		};
		CDC33E22F07F2284D95104BF /* [CP] Embed Pods Frameworks */ = {
			isa = PBXShellScriptBuildPhase;
			buildActionMask = 2147483647;
			files = (
			);
			inputFileListPaths = (
				"${PODS_ROOT}/Target Support Files/Pods-Contact/Pods-Contact-frameworks-${CONFIGURATION}-input-files.xcfilelist",
			);
			name = "[CP] Embed Pods Frameworks";
			outputFileListPaths = (
				"${PODS_ROOT}/Target Support Files/Pods-Contact/Pods-Contact-frameworks-${CONFIGURATION}-output-files.xcfilelist",
			);
			runOnlyForDeploymentPostprocessing = 0;
			shellPath = /bin/sh;
			shellScript = "\"${PODS_ROOT}/Target Support Files/Pods-Contact/Pods-Contact-frameworks.sh\"\n";
			showEnvVarsInLog = 0;
		};
/* End PBXShellScriptBuildPhase section */

/* Begin PBXSourcesBuildPhase section */
		0FFF528A22CDAE6800CD18D4 /* Sources */ = {
			isa = PBXSourcesBuildPhase;
			buildActionMask = 2147483647;
			files = (
				0FFFB15722D2F8AE00931382 /* ContactCell.swift in Sources */,
				0FFFB14822CF455E00931382 /* HomeProtocol.swift in Sources */,
				0FFFB14022CEF5DA00931382 /* JSONDecoder.swift in Sources */,
				0FFFB15322D2F14500931382 /* HomeViewController+UITableView.swift in Sources */,
				0FFF529222CDAE6800CD18D4 /* AppDelegate.swift in Sources */,
				0FFFB14D22CF5C3000931382 /* HomePresenter.swift in Sources */,
				0FFFB14222CF03E500931382 /* UIImageView.swift in Sources */,
				0FFF529A22CDAE6800CD18D4 /* Contact.xcdatamodeld in Sources */,
				0FFFB15122CF826F00931382 /* String.swift in Sources */,
				0FFF52D322CDE4FE00CD18D4 /* Contact.swift in Sources */,
				0FFFB14A22CF5AEB00931382 /* HomeInteractor.swift in Sources */,
				0FFFB15522D2F1FB00931382 /* HomeViewController+PresenterToView.swift in Sources */,
				0FFF52C522CDAF4D00CD18D4 /* HomeViewController.swift in Sources */,
				0FFF52CA22CDCD6A00CD18D4 /* ContactViewCell.swift in Sources */,
				0FFFB14F22CF5D0F00931382 /* HomeWireframe.swift in Sources */,
			);
			runOnlyForDeploymentPostprocessing = 0;
		};
		0FFF52A122CDAE6900CD18D4 /* Sources */ = {
			isa = PBXSourcesBuildPhase;
			buildActionMask = 2147483647;
			files = (
				0FFF52AA22CDAE6900CD18D4 /* ContactTests.swift in Sources */,
			);
			runOnlyForDeploymentPostprocessing = 0;
		};
		0FFF52AC22CDAE6A00CD18D4 /* Sources */ = {
			isa = PBXSourcesBuildPhase;
			buildActionMask = 2147483647;
			files = (
				0FFF52B522CDAE6A00CD18D4 /* ContactUITests.swift in Sources */,
			);
			runOnlyForDeploymentPostprocessing = 0;
		};
/* End PBXSourcesBuildPhase section */

/* Begin PBXTargetDependency section */
		0FFF52A722CDAE6900CD18D4 /* PBXTargetDependency */ = {
			isa = PBXTargetDependency;
			target = 0FFF528D22CDAE6800CD18D4 /* Contact */;
			targetProxy = 0FFF52A622CDAE6900CD18D4 /* PBXContainerItemProxy */;
		};
		0FFF52B222CDAE6A00CD18D4 /* PBXTargetDependency */ = {
			isa = PBXTargetDependency;
			target = 0FFF528D22CDAE6800CD18D4 /* Contact */;
			targetProxy = 0FFF52B122CDAE6A00CD18D4 /* PBXContainerItemProxy */;
		};
/* End PBXTargetDependency section */

/* Begin PBXVariantGroup section */
		0FFF529D22CDAE6900CD18D4 /* LaunchScreen.storyboard */ = {
			isa = PBXVariantGroup;
			children = (
				0FFF529E22CDAE6900CD18D4 /* Base */,
			);
			name = LaunchScreen.storyboard;
			sourceTree = "<group>";
		};
/* End PBXVariantGroup section */

/* Begin XCBuildConfiguration section */
		0FFF52B722CDAE6A00CD18D4 /* Debug */ = {
			isa = XCBuildConfiguration;
			buildSettings = {
				ALWAYS_SEARCH_USER_PATHS = NO;
				CLANG_ANALYZER_NONNULL = YES;
				CLANG_ANALYZER_NUMBER_OBJECT_CONVERSION = YES_AGGRESSIVE;
				CLANG_CXX_LANGUAGE_STANDARD = "gnu++14";
				CLANG_CXX_LIBRARY = "libc++";
				CLANG_ENABLE_MODULES = YES;
				CLANG_ENABLE_OBJC_ARC = YES;
				CLANG_ENABLE_OBJC_WEAK = YES;
				CLANG_WARN_BLOCK_CAPTURE_AUTORELEASING = YES;
				CLANG_WARN_BOOL_CONVERSION = YES;
				CLANG_WARN_COMMA = YES;
				CLANG_WARN_CONSTANT_CONVERSION = YES;
				CLANG_WARN_DEPRECATED_OBJC_IMPLEMENTATIONS = YES;
				CLANG_WARN_DIRECT_OBJC_ISA_USAGE = YES_ERROR;
				CLANG_WARN_DOCUMENTATION_COMMENTS = YES;
				CLANG_WARN_EMPTY_BODY = YES;
				CLANG_WARN_ENUM_CONVERSION = YES;
				CLANG_WARN_INFINITE_RECURSION = YES;
				CLANG_WARN_INT_CONVERSION = YES;
				CLANG_WARN_NON_LITERAL_NULL_CONVERSION = YES;
				CLANG_WARN_OBJC_IMPLICIT_RETAIN_SELF = YES;
				CLANG_WARN_OBJC_LITERAL_CONVERSION = YES;
				CLANG_WARN_OBJC_ROOT_CLASS = YES_ERROR;
				CLANG_WARN_RANGE_LOOP_ANALYSIS = YES;
				CLANG_WARN_STRICT_PROTOTYPES = YES;
				CLANG_WARN_SUSPICIOUS_MOVE = YES;
				CLANG_WARN_UNGUARDED_AVAILABILITY = YES_AGGRESSIVE;
				CLANG_WARN_UNREACHABLE_CODE = YES;
				CLANG_WARN__DUPLICATE_METHOD_MATCH = YES;
				CODE_SIGN_IDENTITY = "iPhone Developer";
				COPY_PHASE_STRIP = NO;
				DEBUG_INFORMATION_FORMAT = dwarf;
				ENABLE_STRICT_OBJC_MSGSEND = YES;
				ENABLE_TESTABILITY = YES;
				GCC_C_LANGUAGE_STANDARD = gnu11;
				GCC_DYNAMIC_NO_PIC = NO;
				GCC_NO_COMMON_BLOCKS = YES;
				GCC_OPTIMIZATION_LEVEL = 0;
				GCC_PREPROCESSOR_DEFINITIONS = (
					"DEBUG=1",
					"$(inherited)",
				);
				GCC_WARN_64_TO_32_BIT_CONVERSION = YES;
				GCC_WARN_ABOUT_RETURN_TYPE = YES_ERROR;
				GCC_WARN_UNDECLARED_SELECTOR = YES;
				GCC_WARN_UNINITIALIZED_AUTOS = YES_AGGRESSIVE;
				GCC_WARN_UNUSED_FUNCTION = YES;
				GCC_WARN_UNUSED_VARIABLE = YES;
				IPHONEOS_DEPLOYMENT_TARGET = 12.1;
				MTL_ENABLE_DEBUG_INFO = INCLUDE_SOURCE;
				MTL_FAST_MATH = YES;
				ONLY_ACTIVE_ARCH = YES;
				SDKROOT = iphoneos;
				SWIFT_ACTIVE_COMPILATION_CONDITIONS = DEBUG;
				SWIFT_OPTIMIZATION_LEVEL = "-Onone";
			};
			name = Debug;
		};
		0FFF52B822CDAE6A00CD18D4 /* Release */ = {
			isa = XCBuildConfiguration;
			buildSettings = {
				ALWAYS_SEARCH_USER_PATHS = NO;
				CLANG_ANALYZER_NONNULL = YES;
				CLANG_ANALYZER_NUMBER_OBJECT_CONVERSION = YES_AGGRESSIVE;
				CLANG_CXX_LANGUAGE_STANDARD = "gnu++14";
				CLANG_CXX_LIBRARY = "libc++";
				CLANG_ENABLE_MODULES = YES;
				CLANG_ENABLE_OBJC_ARC = YES;
				CLANG_ENABLE_OBJC_WEAK = YES;
				CLANG_WARN_BLOCK_CAPTURE_AUTORELEASING = YES;
				CLANG_WARN_BOOL_CONVERSION = YES;
				CLANG_WARN_COMMA = YES;
				CLANG_WARN_CONSTANT_CONVERSION = YES;
				CLANG_WARN_DEPRECATED_OBJC_IMPLEMENTATIONS = YES;
				CLANG_WARN_DIRECT_OBJC_ISA_USAGE = YES_ERROR;
				CLANG_WARN_DOCUMENTATION_COMMENTS = YES;
				CLANG_WARN_EMPTY_BODY = YES;
				CLANG_WARN_ENUM_CONVERSION = YES;
				CLANG_WARN_INFINITE_RECURSION = YES;
				CLANG_WARN_INT_CONVERSION = YES;
				CLANG_WARN_NON_LITERAL_NULL_CONVERSION = YES;
				CLANG_WARN_OBJC_IMPLICIT_RETAIN_SELF = YES;
				CLANG_WARN_OBJC_LITERAL_CONVERSION = YES;
				CLANG_WARN_OBJC_ROOT_CLASS = YES_ERROR;
				CLANG_WARN_RANGE_LOOP_ANALYSIS = YES;
				CLANG_WARN_STRICT_PROTOTYPES = YES;
				CLANG_WARN_SUSPICIOUS_MOVE = YES;
				CLANG_WARN_UNGUARDED_AVAILABILITY = YES_AGGRESSIVE;
				CLANG_WARN_UNREACHABLE_CODE = YES;
				CLANG_WARN__DUPLICATE_METHOD_MATCH = YES;
				CODE_SIGN_IDENTITY = "iPhone Developer";
				COPY_PHASE_STRIP = NO;
				DEBUG_INFORMATION_FORMAT = "dwarf-with-dsym";
				ENABLE_NS_ASSERTIONS = NO;
				ENABLE_STRICT_OBJC_MSGSEND = YES;
				GCC_C_LANGUAGE_STANDARD = gnu11;
				GCC_NO_COMMON_BLOCKS = YES;
				GCC_WARN_64_TO_32_BIT_CONVERSION = YES;
				GCC_WARN_ABOUT_RETURN_TYPE = YES_ERROR;
				GCC_WARN_UNDECLARED_SELECTOR = YES;
				GCC_WARN_UNINITIALIZED_AUTOS = YES_AGGRESSIVE;
				GCC_WARN_UNUSED_FUNCTION = YES;
				GCC_WARN_UNUSED_VARIABLE = YES;
				IPHONEOS_DEPLOYMENT_TARGET = 12.1;
				MTL_ENABLE_DEBUG_INFO = NO;
				MTL_FAST_MATH = YES;
				SDKROOT = iphoneos;
				SWIFT_COMPILATION_MODE = wholemodule;
				SWIFT_OPTIMIZATION_LEVEL = "-O";
				VALIDATE_PRODUCT = YES;
			};
			name = Release;
		};
		0FFF52BA22CDAE6A00CD18D4 /* Debug */ = {
			isa = XCBuildConfiguration;
			baseConfigurationReference = A4F1B387463A94674C784710 /* Pods-Contact.debug.xcconfig */;
			buildSettings = {
				ASSETCATALOG_COMPILER_APPICON_NAME = AppIcon;
				CODE_SIGN_STYLE = Automatic;
				INFOPLIST_FILE = Contact/Info.plist;
				LD_RUNPATH_SEARCH_PATHS = (
					"$(inherited)",
					"@executable_path/Frameworks",
				);
				PRODUCT_BUNDLE_IDENTIFIER = com.gojek.fadhriga.Contact;
				PRODUCT_NAME = "$(TARGET_NAME)";
				SWIFT_VERSION = 4.0;
				TARGETED_DEVICE_FAMILY = "1,2";
			};
			name = Debug;
		};
		0FFF52BB22CDAE6A00CD18D4 /* Release */ = {
			isa = XCBuildConfiguration;
			baseConfigurationReference = B87DF32FD547340278FE5299 /* Pods-Contact.release.xcconfig */;
			buildSettings = {
				ASSETCATALOG_COMPILER_APPICON_NAME = AppIcon;
				CODE_SIGN_STYLE = Automatic;
				INFOPLIST_FILE = Contact/Info.plist;
				LD_RUNPATH_SEARCH_PATHS = (
					"$(inherited)",
					"@executable_path/Frameworks",
				);
				PRODUCT_BUNDLE_IDENTIFIER = com.gojek.fadhriga.Contact;
				PRODUCT_NAME = "$(TARGET_NAME)";
				SWIFT_VERSION = 4.0;
				TARGETED_DEVICE_FAMILY = "1,2";
			};
			name = Release;
		};
		0FFF52BD22CDAE6A00CD18D4 /* Debug */ = {
			isa = XCBuildConfiguration;
			baseConfigurationReference = 3CD3B6B3E4C58D613F06C3B8 /* Pods-ContactTests.debug.xcconfig */;
			buildSettings = {
				ALWAYS_EMBED_SWIFT_STANDARD_LIBRARIES = YES;
				BUNDLE_LOADER = "$(TEST_HOST)";
				CODE_SIGN_STYLE = Automatic;
				INFOPLIST_FILE = ContactTests/Info.plist;
				LD_RUNPATH_SEARCH_PATHS = (
					"$(inherited)",
					"@executable_path/Frameworks",
					"@loader_path/Frameworks",
				);
				PRODUCT_BUNDLE_IDENTIFIER = com.gojek.fadhriga.ContactTests;
				PRODUCT_NAME = "$(TARGET_NAME)";
				SWIFT_VERSION = 4.2;
				TARGETED_DEVICE_FAMILY = "1,2";
				TEST_HOST = "$(BUILT_PRODUCTS_DIR)/Contact.app/Contact";
			};
			name = Debug;
		};
		0FFF52BE22CDAE6A00CD18D4 /* Release */ = {
			isa = XCBuildConfiguration;
			baseConfigurationReference = 0303A942177E5B1E05E5080A /* Pods-ContactTests.release.xcconfig */;
			buildSettings = {
				ALWAYS_EMBED_SWIFT_STANDARD_LIBRARIES = YES;
				BUNDLE_LOADER = "$(TEST_HOST)";
				CODE_SIGN_STYLE = Automatic;
				INFOPLIST_FILE = ContactTests/Info.plist;
				LD_RUNPATH_SEARCH_PATHS = (
					"$(inherited)",
					"@executable_path/Frameworks",
					"@loader_path/Frameworks",
				);
				PRODUCT_BUNDLE_IDENTIFIER = com.gojek.fadhriga.ContactTests;
				PRODUCT_NAME = "$(TARGET_NAME)";
				SWIFT_VERSION = 4.2;
				TARGETED_DEVICE_FAMILY = "1,2";
				TEST_HOST = "$(BUILT_PRODUCTS_DIR)/Contact.app/Contact";
			};
			name = Release;
		};
		0FFF52C022CDAE6A00CD18D4 /* Debug */ = {
			isa = XCBuildConfiguration;
			baseConfigurationReference = 1806B761A968226112AB3461 /* Pods-ContactUITests.debug.xcconfig */;
			buildSettings = {
				ALWAYS_EMBED_SWIFT_STANDARD_LIBRARIES = YES;
				CODE_SIGN_STYLE = Automatic;
				INFOPLIST_FILE = ContactUITests/Info.plist;
				LD_RUNPATH_SEARCH_PATHS = (
					"$(inherited)",
					"@executable_path/Frameworks",
					"@loader_path/Frameworks",
				);
				PRODUCT_BUNDLE_IDENTIFIER = com.gojek.fadhriga.ContactUITests;
				PRODUCT_NAME = "$(TARGET_NAME)";
				SWIFT_VERSION = 4.2;
				TARGETED_DEVICE_FAMILY = "1,2";
				TEST_TARGET_NAME = Contact;
			};
			name = Debug;
		};
		0FFF52C122CDAE6A00CD18D4 /* Release */ = {
			isa = XCBuildConfiguration;
			baseConfigurationReference = 8E8E0A9EBD14F36311416EB8 /* Pods-ContactUITests.release.xcconfig */;
			buildSettings = {
				ALWAYS_EMBED_SWIFT_STANDARD_LIBRARIES = YES;
				CODE_SIGN_STYLE = Automatic;
				INFOPLIST_FILE = ContactUITests/Info.plist;
				LD_RUNPATH_SEARCH_PATHS = (
					"$(inherited)",
					"@executable_path/Frameworks",
					"@loader_path/Frameworks",
				);
				PRODUCT_BUNDLE_IDENTIFIER = com.gojek.fadhriga.ContactUITests;
				PRODUCT_NAME = "$(TARGET_NAME)";
				SWIFT_VERSION = 4.2;
				TARGETED_DEVICE_FAMILY = "1,2";
				TEST_TARGET_NAME = Contact;
			};
			name = Release;
		};
/* End XCBuildConfiguration section */

/* Begin XCConfigurationList section */
		0FFF528922CDAE6800CD18D4 /* Build configuration list for PBXProject "Contact" */ = {
			isa = XCConfigurationList;
			buildConfigurations = (
				0FFF52B722CDAE6A00CD18D4 /* Debug */,
				0FFF52B822CDAE6A00CD18D4 /* Release */,
			);
			defaultConfigurationIsVisible = 0;
			defaultConfigurationName = Release;
		};
		0FFF52B922CDAE6A00CD18D4 /* Build configuration list for PBXNativeTarget "Contact" */ = {
			isa = XCConfigurationList;
			buildConfigurations = (
				0FFF52BA22CDAE6A00CD18D4 /* Debug */,
				0FFF52BB22CDAE6A00CD18D4 /* Release */,
			);
			defaultConfigurationIsVisible = 0;
			defaultConfigurationName = Release;
		};
		0FFF52BC22CDAE6A00CD18D4 /* Build configuration list for PBXNativeTarget "ContactTests" */ = {
			isa = XCConfigurationList;
			buildConfigurations = (
				0FFF52BD22CDAE6A00CD18D4 /* Debug */,
				0FFF52BE22CDAE6A00CD18D4 /* Release */,
			);
			defaultConfigurationIsVisible = 0;
			defaultConfigurationName = Release;
		};
		0FFF52BF22CDAE6A00CD18D4 /* Build configuration list for PBXNativeTarget "ContactUITests" */ = {
			isa = XCConfigurationList;
			buildConfigurations = (
				0FFF52C022CDAE6A00CD18D4 /* Debug */,
				0FFF52C122CDAE6A00CD18D4 /* Release */,
			);
			defaultConfigurationIsVisible = 0;
			defaultConfigurationName = Release;
		};
/* End XCConfigurationList section */

/* Begin XCVersionGroup section */
		0FFF529822CDAE6800CD18D4 /* Contact.xcdatamodeld */ = {
			isa = XCVersionGroup;
			children = (
				0FFF529922CDAE6800CD18D4 /* Contact.xcdatamodel */,
			);
			currentVersion = 0FFF529922CDAE6800CD18D4 /* Contact.xcdatamodel */;
			path = Contact.xcdatamodeld;
			sourceTree = "<group>";
			versionGroupType = wrapper.xcdatamodel;
		};
/* End XCVersionGroup section */
	};
	rootObject = 0FFF528622CDAE6800CD18D4 /* Project object */;
}
